// !$*UTF8*$!
{
	archiveVersion = 1;
	classes = {
	};
	objectVersion = 48;
	objects = {

/* Begin PBXBuildFile section */
		F0328F7F1F4A392D007AEB5C /* AppDelegate.swift in Sources */ = {isa = PBXBuildFile; fileRef = F0E2CAFC1F4A386900A73FF5 /* AppDelegate.swift */; };
		F0328F9D1F4A4252007AEB5C /* CPUInstructionTests.swift in Sources */ = {isa = PBXBuildFile; fileRef = F0328F9B1F4A423D007AEB5C /* CPUInstructionTests.swift */; };
		F0328F9E1F4A4266007AEB5C /* TestROMSerialDevice.swift in Sources */ = {isa = PBXBuildFile; fileRef = F0328F9C1F4A423D007AEB5C /* TestROMSerialDevice.swift */; };
		F0328F9F1F4A42B2007AEB5C /* 01-special.gb in Resources */ = {isa = PBXBuildFile; fileRef = F0328F8F1F4A423D007AEB5C /* 01-special.gb */; };
		F0328FA01F4A42B2007AEB5C /* 02-interrupts.gb in Resources */ = {isa = PBXBuildFile; fileRef = F0328F901F4A423D007AEB5C /* 02-interrupts.gb */; };
		F0328FA11F4A42B2007AEB5C /* 03-op sp,hl.gb in Resources */ = {isa = PBXBuildFile; fileRef = F0328F911F4A423D007AEB5C /* 03-op sp,hl.gb */; };
		F0328FA21F4A42B2007AEB5C /* 04-op r,imm.gb in Resources */ = {isa = PBXBuildFile; fileRef = F0328F921F4A423D007AEB5C /* 04-op r,imm.gb */; };
		F0328FA31F4A42B2007AEB5C /* 05-op rp.gb in Resources */ = {isa = PBXBuildFile; fileRef = F0328F931F4A423D007AEB5C /* 05-op rp.gb */; };
		F0328FA41F4A42B2007AEB5C /* 06-ld r,r.gb in Resources */ = {isa = PBXBuildFile; fileRef = F0328F941F4A423D007AEB5C /* 06-ld r,r.gb */; };
		F0328FA51F4A42B2007AEB5C /* 07-jr,jp,call,ret,rst.gb in Resources */ = {isa = PBXBuildFile; fileRef = F0328F951F4A423D007AEB5C /* 07-jr,jp,call,ret,rst.gb */; };
		F0328FA61F4A42B2007AEB5C /* 08-misc instrs.gb in Resources */ = {isa = PBXBuildFile; fileRef = F0328F961F4A423D007AEB5C /* 08-misc instrs.gb */; };
		F0328FA71F4A42B2007AEB5C /* 09-op r,r.gb in Resources */ = {isa = PBXBuildFile; fileRef = F0328F971F4A423D007AEB5C /* 09-op r,r.gb */; };
		F0328FA81F4A42B2007AEB5C /* 10-bit ops.gb in Resources */ = {isa = PBXBuildFile; fileRef = F0328F981F4A423D007AEB5C /* 10-bit ops.gb */; };
		F0328FA91F4A42B2007AEB5C /* 11-op a,(hl).gb in Resources */ = {isa = PBXBuildFile; fileRef = F0328F991F4A423D007AEB5C /* 11-op a,(hl).gb */; };
		F0328FAA1F4A42B2007AEB5C /* instr_timing.gb in Resources */ = {isa = PBXBuildFile; fileRef = F0328F9A1F4A423D007AEB5C /* instr_timing.gb */; };
		F0328FF91F4A54A7007AEB5C /* AlignedArray.swift in Sources */ = {isa = PBXBuildFile; fileRef = F0328FF71F4A5477007AEB5C /* AlignedArray.swift */; };
		F0328FFA1F4A54A7007AEB5C /* CPU.swift in Sources */ = {isa = PBXBuildFile; fileRef = F0328FEB1F4A5477007AEB5C /* CPU.swift */; };
		F0328FFB1F4A54A7007AEB5C /* CPUDebugging.swift in Sources */ = {isa = PBXBuildFile; fileRef = F0328FEF1F4A5477007AEB5C /* CPUDebugging.swift */; };
		F0328FFC1F4A54A7007AEB5C /* GameBoyRunner.swift in Sources */ = {isa = PBXBuildFile; fileRef = F0328FF31F4A5477007AEB5C /* GameBoyRunner.swift */; };
		F0328FFD1F4A54A7007AEB5C /* GameViewController.swift in Sources */ = {isa = PBXBuildFile; fileRef = F0328FEC1F4A5477007AEB5C /* GameViewController.swift */; };
		F0328FFE1F4A54A7007AEB5C /* GPU.swift in Sources */ = {isa = PBXBuildFile; fileRef = F0328FF61F4A5477007AEB5C /* GPU.swift */; };
		F0328FFF1F4A54A7007AEB5C /* InterruptHandler.swift in Sources */ = {isa = PBXBuildFile; fileRef = F0328FF21F4A5477007AEB5C /* InterruptHandler.swift */; };
		F03290001F4A54A7007AEB5C /* Joypad.swift in Sources */ = {isa = PBXBuildFile; fileRef = F0328FF11F4A5477007AEB5C /* Joypad.swift */; };
		F03290011F4A54A7007AEB5C /* Memory.swift in Sources */ = {isa = PBXBuildFile; fileRef = F0328FF01F4A5477007AEB5C /* Memory.swift */; };
		F03290021F4A54A7007AEB5C /* MBC1.swift in Sources */ = {isa = PBXBuildFile; fileRef = F0328FE61F4A5477007AEB5C /* MBC1.swift */; };
		F03290031F4A54A7007AEB5C /* MBC3.swift in Sources */ = {isa = PBXBuildFile; fileRef = F0328FE71F4A5477007AEB5C /* MBC3.swift */; };
		F03290041F4A54A7007AEB5C /* MemoryBankController.swift in Sources */ = {isa = PBXBuildFile; fileRef = F0328FE81F4A5477007AEB5C /* MemoryBankController.swift */; };
		F03290051F4A54A7007AEB5C /* NoCartridgeMBC.swift in Sources */ = {isa = PBXBuildFile; fileRef = F0328FE91F4A5477007AEB5C /* NoCartridgeMBC.swift */; };
		F03290061F4A54A7007AEB5C /* NoMBC.swift in Sources */ = {isa = PBXBuildFile; fileRef = F0328FEA1F4A5477007AEB5C /* NoMBC.swift */; };
		F03290071F4A54A7007AEB5C /* Ops.swift in Sources */ = {isa = PBXBuildFile; fileRef = F0328FF41F4A5477007AEB5C /* Ops.swift */; };
		F03290081F4A54A7007AEB5C /* SerialDevice.swift in Sources */ = {isa = PBXBuildFile; fileRef = F0328FF81F4A5477007AEB5C /* SerialDevice.swift */; };
		F03290091F4A54A7007AEB5C /* Shaders.metal in Sources */ = {isa = PBXBuildFile; fileRef = F0328FED1F4A5477007AEB5C /* Shaders.metal */; };
		F032900A1F4A54A7007AEB5C /* Timer.swift in Sources */ = {isa = PBXBuildFile; fileRef = F0328FF51F4A5477007AEB5C /* Timer.swift */; };
		F032900B1F4A54A7007AEB5C /* WindowController.swift in Sources */ = {isa = PBXBuildFile; fileRef = F0328FEE1F4A5477007AEB5C /* WindowController.swift */; };
		F032900C1F4A54BE007AEB5C /* AlignedArray.swift in Sources */ = {isa = PBXBuildFile; fileRef = F0328FF71F4A5477007AEB5C /* AlignedArray.swift */; };
		F032900D1F4A54BE007AEB5C /* CPU.swift in Sources */ = {isa = PBXBuildFile; fileRef = F0328FEB1F4A5477007AEB5C /* CPU.swift */; };
		F032900E1F4A54BE007AEB5C /* CPUDebugging.swift in Sources */ = {isa = PBXBuildFile; fileRef = F0328FEF1F4A5477007AEB5C /* CPUDebugging.swift */; };
		F032900F1F4A54BE007AEB5C /* GameBoyRunner.swift in Sources */ = {isa = PBXBuildFile; fileRef = F0328FF31F4A5477007AEB5C /* GameBoyRunner.swift */; };
		F03290101F4A54BE007AEB5C /* GPU.swift in Sources */ = {isa = PBXBuildFile; fileRef = F0328FF61F4A5477007AEB5C /* GPU.swift */; };
		F03290111F4A54BE007AEB5C /* InterruptHandler.swift in Sources */ = {isa = PBXBuildFile; fileRef = F0328FF21F4A5477007AEB5C /* InterruptHandler.swift */; };
		F03290121F4A54BE007AEB5C /* Joypad.swift in Sources */ = {isa = PBXBuildFile; fileRef = F0328FF11F4A5477007AEB5C /* Joypad.swift */; };
		F03290131F4A54BE007AEB5C /* Memory.swift in Sources */ = {isa = PBXBuildFile; fileRef = F0328FF01F4A5477007AEB5C /* Memory.swift */; };
		F03290141F4A54BE007AEB5C /* MBC1.swift in Sources */ = {isa = PBXBuildFile; fileRef = F0328FE61F4A5477007AEB5C /* MBC1.swift */; };
		F03290151F4A54BE007AEB5C /* MBC3.swift in Sources */ = {isa = PBXBuildFile; fileRef = F0328FE71F4A5477007AEB5C /* MBC3.swift */; };
		F03290161F4A54BE007AEB5C /* MemoryBankController.swift in Sources */ = {isa = PBXBuildFile; fileRef = F0328FE81F4A5477007AEB5C /* MemoryBankController.swift */; };
		F03290171F4A54BE007AEB5C /* NoCartridgeMBC.swift in Sources */ = {isa = PBXBuildFile; fileRef = F0328FE91F4A5477007AEB5C /* NoCartridgeMBC.swift */; };
		F03290181F4A54BE007AEB5C /* NoMBC.swift in Sources */ = {isa = PBXBuildFile; fileRef = F0328FEA1F4A5477007AEB5C /* NoMBC.swift */; };
		F03290191F4A54BE007AEB5C /* Ops.swift in Sources */ = {isa = PBXBuildFile; fileRef = F0328FF41F4A5477007AEB5C /* Ops.swift */; };
		F032901A1F4A54BE007AEB5C /* SerialDevice.swift in Sources */ = {isa = PBXBuildFile; fileRef = F0328FF81F4A5477007AEB5C /* SerialDevice.swift */; };
		F032901B1F4A54BE007AEB5C /* Timer.swift in Sources */ = {isa = PBXBuildFile; fileRef = F0328FF51F4A5477007AEB5C /* Timer.swift */; };
		F03290201F4A56A8007AEB5C /* Main.storyboard in Resources */ = {isa = PBXBuildFile; fileRef = F032901F1F4A5656007AEB5C /* Main.storyboard */; };
		F0E2CB011F4A386900A73FF5 /* Assets.xcassets in Resources */ = {isa = PBXBuildFile; fileRef = F0E2CB001F4A386900A73FF5 /* Assets.xcassets */; };
/* End PBXBuildFile section */

/* Begin PBXContainerItemProxy section */
		F0E2CB0C1F4A386900A73FF5 /* PBXContainerItemProxy */ = {
			isa = PBXContainerItemProxy;
			containerPortal = F0E2CAF11F4A386900A73FF5 /* Project object */;
			proxyType = 1;
			remoteGlobalIDString = F0E2CAF81F4A386900A73FF5;
			remoteInfo = GameBoy;
		};
/* End PBXContainerItemProxy section */

/* Begin PBXFileReference section */
		F0328F8F1F4A423D007AEB5C /* 01-special.gb */ = {isa = PBXFileReference; lastKnownFileType = file; path = "01-special.gb"; sourceTree = "<group>"; };
		F0328F901F4A423D007AEB5C /* 02-interrupts.gb */ = {isa = PBXFileReference; lastKnownFileType = file; path = "02-interrupts.gb"; sourceTree = "<group>"; };
		F0328F911F4A423D007AEB5C /* 03-op sp,hl.gb */ = {isa = PBXFileReference; lastKnownFileType = file; path = "03-op sp,hl.gb"; sourceTree = "<group>"; };
		F0328F921F4A423D007AEB5C /* 04-op r,imm.gb */ = {isa = PBXFileReference; lastKnownFileType = file; path = "04-op r,imm.gb"; sourceTree = "<group>"; };
		F0328F931F4A423D007AEB5C /* 05-op rp.gb */ = {isa = PBXFileReference; lastKnownFileType = file; path = "05-op rp.gb"; sourceTree = "<group>"; };
		F0328F941F4A423D007AEB5C /* 06-ld r,r.gb */ = {isa = PBXFileReference; lastKnownFileType = file; path = "06-ld r,r.gb"; sourceTree = "<group>"; };
		F0328F951F4A423D007AEB5C /* 07-jr,jp,call,ret,rst.gb */ = {isa = PBXFileReference; lastKnownFileType = file; path = "07-jr,jp,call,ret,rst.gb"; sourceTree = "<group>"; };
		F0328F961F4A423D007AEB5C /* 08-misc instrs.gb */ = {isa = PBXFileReference; lastKnownFileType = file; path = "08-misc instrs.gb"; sourceTree = "<group>"; };
		F0328F971F4A423D007AEB5C /* 09-op r,r.gb */ = {isa = PBXFileReference; lastKnownFileType = file; path = "09-op r,r.gb"; sourceTree = "<group>"; };
		F0328F981F4A423D007AEB5C /* 10-bit ops.gb */ = {isa = PBXFileReference; lastKnownFileType = file; path = "10-bit ops.gb"; sourceTree = "<group>"; };
		F0328F991F4A423D007AEB5C /* 11-op a,(hl).gb */ = {isa = PBXFileReference; lastKnownFileType = file; path = "11-op a,(hl).gb"; sourceTree = "<group>"; };
		F0328F9A1F4A423D007AEB5C /* instr_timing.gb */ = {isa = PBXFileReference; lastKnownFileType = file; path = instr_timing.gb; sourceTree = "<group>"; };
		F0328F9B1F4A423D007AEB5C /* CPUInstructionTests.swift */ = {isa = PBXFileReference; lastKnownFileType = sourcecode.swift; path = CPUInstructionTests.swift; sourceTree = "<group>"; };
		F0328F9C1F4A423D007AEB5C /* TestROMSerialDevice.swift */ = {isa = PBXFileReference; lastKnownFileType = sourcecode.swift; path = TestROMSerialDevice.swift; sourceTree = "<group>"; };
		F0328FE61F4A5477007AEB5C /* MBC1.swift */ = {isa = PBXFileReference; lastKnownFileType = sourcecode.swift; path = MBC1.swift; sourceTree = "<group>"; };
		F0328FE71F4A5477007AEB5C /* MBC3.swift */ = {isa = PBXFileReference; lastKnownFileType = sourcecode.swift; path = MBC3.swift; sourceTree = "<group>"; };
		F0328FE81F4A5477007AEB5C /* MemoryBankController.swift */ = {isa = PBXFileReference; lastKnownFileType = sourcecode.swift; path = MemoryBankController.swift; sourceTree = "<group>"; };
		F0328FE91F4A5477007AEB5C /* NoCartridgeMBC.swift */ = {isa = PBXFileReference; lastKnownFileType = sourcecode.swift; path = NoCartridgeMBC.swift; sourceTree = "<group>"; };
		F0328FEA1F4A5477007AEB5C /* NoMBC.swift */ = {isa = PBXFileReference; lastKnownFileType = sourcecode.swift; path = NoMBC.swift; sourceTree = "<group>"; };
		F0328FEB1F4A5477007AEB5C /* CPU.swift */ = {isa = PBXFileReference; lastKnownFileType = sourcecode.swift; path = CPU.swift; sourceTree = "<group>"; };
		F0328FEC1F4A5477007AEB5C /* GameViewController.swift */ = {isa = PBXFileReference; lastKnownFileType = sourcecode.swift; path = GameViewController.swift; sourceTree = "<group>"; };
		F0328FED1F4A5477007AEB5C /* Shaders.metal */ = {isa = PBXFileReference; lastKnownFileType = sourcecode.metal; path = Shaders.metal; sourceTree = "<group>"; };
		F0328FEE1F4A5477007AEB5C /* WindowController.swift */ = {isa = PBXFileReference; lastKnownFileType = sourcecode.swift; path = WindowController.swift; sourceTree = "<group>"; };
		F0328FEF1F4A5477007AEB5C /* CPUDebugging.swift */ = {isa = PBXFileReference; lastKnownFileType = sourcecode.swift; path = CPUDebugging.swift; sourceTree = "<group>"; };
		F0328FF01F4A5477007AEB5C /* Memory.swift */ = {isa = PBXFileReference; lastKnownFileType = sourcecode.swift; path = Memory.swift; sourceTree = "<group>"; };
		F0328FF11F4A5477007AEB5C /* Joypad.swift */ = {isa = PBXFileReference; lastKnownFileType = sourcecode.swift; path = Joypad.swift; sourceTree = "<group>"; };
		F0328FF21F4A5477007AEB5C /* InterruptHandler.swift */ = {isa = PBXFileReference; lastKnownFileType = sourcecode.swift; path = InterruptHandler.swift; sourceTree = "<group>"; };
		F0328FF31F4A5477007AEB5C /* GameBoyRunner.swift */ = {isa = PBXFileReference; lastKnownFileType = sourcecode.swift; path = GameBoyRunner.swift; sourceTree = "<group>"; };
		F0328FF41F4A5477007AEB5C /* Ops.swift */ = {isa = PBXFileReference; lastKnownFileType = sourcecode.swift; path = Ops.swift; sourceTree = "<group>"; };
		F0328FF51F4A5477007AEB5C /* Timer.swift */ = {isa = PBXFileReference; lastKnownFileType = sourcecode.swift; path = Timer.swift; sourceTree = "<group>"; };
		F0328FF61F4A5477007AEB5C /* GPU.swift */ = {isa = PBXFileReference; lastKnownFileType = sourcecode.swift; path = GPU.swift; sourceTree = "<group>"; };
		F0328FF71F4A5477007AEB5C /* AlignedArray.swift */ = {isa = PBXFileReference; lastKnownFileType = sourcecode.swift; path = AlignedArray.swift; sourceTree = "<group>"; };
		F0328FF81F4A5477007AEB5C /* SerialDevice.swift */ = {isa = PBXFileReference; lastKnownFileType = sourcecode.swift; path = SerialDevice.swift; sourceTree = "<group>"; };
		F032901F1F4A5656007AEB5C /* Main.storyboard */ = {isa = PBXFileReference; lastKnownFileType = file.storyboard; path = Main.storyboard; sourceTree = "<group>"; };
		F0E2CAF91F4A386900A73FF5 /* GameBoy.app */ = {isa = PBXFileReference; explicitFileType = wrapper.application; includeInIndex = 0; path = GameBoy.app; sourceTree = BUILT_PRODUCTS_DIR; };
		F0E2CAFC1F4A386900A73FF5 /* AppDelegate.swift */ = {isa = PBXFileReference; lastKnownFileType = sourcecode.swift; path = AppDelegate.swift; sourceTree = "<group>"; };
		F0E2CB001F4A386900A73FF5 /* Assets.xcassets */ = {isa = PBXFileReference; lastKnownFileType = folder.assetcatalog; path = Assets.xcassets; sourceTree = "<group>"; };
		F0E2CB051F4A386900A73FF5 /* Info.plist */ = {isa = PBXFileReference; lastKnownFileType = text.plist.xml; path = Info.plist; sourceTree = "<group>"; };
		F0E2CB061F4A386900A73FF5 /* GameBoy.entitlements */ = {isa = PBXFileReference; lastKnownFileType = text.plist.entitlements; path = GameBoy.entitlements; sourceTree = "<group>"; };
		F0E2CB0B1F4A386900A73FF5 /* GameBoyTests.xctest */ = {isa = PBXFileReference; explicitFileType = wrapper.cfbundle; includeInIndex = 0; path = GameBoyTests.xctest; sourceTree = BUILT_PRODUCTS_DIR; };
		F0E2CB111F4A386900A73FF5 /* Info.plist */ = {isa = PBXFileReference; lastKnownFileType = text.plist.xml; path = Info.plist; sourceTree = "<group>"; };
/* End PBXFileReference section */

/* Begin PBXFrameworksBuildPhase section */
		F0E2CAF61F4A386900A73FF5 /* Frameworks */ = {
			isa = PBXFrameworksBuildPhase;
			buildActionMask = 2147483647;
			files = (
			);
			runOnlyForDeploymentPostprocessing = 0;
		};
		F0E2CB081F4A386900A73FF5 /* Frameworks */ = {
			isa = PBXFrameworksBuildPhase;
			buildActionMask = 2147483647;
			files = (
			);
			runOnlyForDeploymentPostprocessing = 0;
		};
/* End PBXFrameworksBuildPhase section */

/* Begin PBXGroup section */
		F0328F8E1F4A423D007AEB5C /* TestROMs */ = {
			isa = PBXGroup;
			children = (
				F0328F8F1F4A423D007AEB5C /* 01-special.gb */,
				F0328F901F4A423D007AEB5C /* 02-interrupts.gb */,
				F0328F911F4A423D007AEB5C /* 03-op sp,hl.gb */,
				F0328F921F4A423D007AEB5C /* 04-op r,imm.gb */,
				F0328F931F4A423D007AEB5C /* 05-op rp.gb */,
				F0328F941F4A423D007AEB5C /* 06-ld r,r.gb */,
				F0328F951F4A423D007AEB5C /* 07-jr,jp,call,ret,rst.gb */,
				F0328F961F4A423D007AEB5C /* 08-misc instrs.gb */,
				F0328F971F4A423D007AEB5C /* 09-op r,r.gb */,
				F0328F981F4A423D007AEB5C /* 10-bit ops.gb */,
				F0328F991F4A423D007AEB5C /* 11-op a,(hl).gb */,
				F0328F9A1F4A423D007AEB5C /* instr_timing.gb */,
			);
			path = TestROMs;
			sourceTree = "<group>";
		};
		F0328FE51F4A5477007AEB5C /* MemoryBankControllers */ = {
			isa = PBXGroup;
			children = (
				F0328FE61F4A5477007AEB5C /* MBC1.swift */,
				F0328FE71F4A5477007AEB5C /* MBC3.swift */,
				F0328FE81F4A5477007AEB5C /* MemoryBankController.swift */,
				F0328FE91F4A5477007AEB5C /* NoCartridgeMBC.swift */,
				F0328FEA1F4A5477007AEB5C /* NoMBC.swift */,
			);
			path = MemoryBankControllers;
			sourceTree = "<group>";
		};
		F032901D1F4A55BE007AEB5C /* Interface */ = {
			isa = PBXGroup;
			children = (
				F032901F1F4A5656007AEB5C /* Main.storyboard */,
				F0E2CAFC1F4A386900A73FF5 /* AppDelegate.swift */,
				F0328FEC1F4A5477007AEB5C /* GameViewController.swift */,
				F0328FEE1F4A5477007AEB5C /* WindowController.swift */,
				F0328FED1F4A5477007AEB5C /* Shaders.metal */,
			);
			path = Interface;
			sourceTree = "<group>";
		};
		F032901E1F4A55E1007AEB5C /* Emulator */ = {
			isa = PBXGroup;
			children = (
				F0328FF71F4A5477007AEB5C /* AlignedArray.swift */,
				F0328FEB1F4A5477007AEB5C /* CPU.swift */,
				F0328FEF1F4A5477007AEB5C /* CPUDebugging.swift */,
				F0328FF31F4A5477007AEB5C /* GameBoyRunner.swift */,
				F0328FF61F4A5477007AEB5C /* GPU.swift */,
				F0328FF21F4A5477007AEB5C /* InterruptHandler.swift */,
				F0328FF11F4A5477007AEB5C /* Joypad.swift */,
				F0328FF01F4A5477007AEB5C /* Memory.swift */,
				F0328FE51F4A5477007AEB5C /* MemoryBankControllers */,
				F0328FF41F4A5477007AEB5C /* Ops.swift */,
				F0328FF81F4A5477007AEB5C /* SerialDevice.swift */,
				F0328FF51F4A5477007AEB5C /* Timer.swift */,
			);
			path = Emulator;
			sourceTree = "<group>";
		};
		F0E2CAF01F4A386900A73FF5 = {
			isa = PBXGroup;
			children = (
				F0E2CAFB1F4A386900A73FF5 /* GameBoy */,
				F0E2CB0E1F4A386900A73FF5 /* GameBoyTests */,
				F0E2CAFA1F4A386900A73FF5 /* Products */,
			);
			sourceTree = "<group>";
		};
		F0E2CAFA1F4A386900A73FF5 /* Products */ = {
			isa = PBXGroup;
			children = (
				F0E2CAF91F4A386900A73FF5 /* GameBoy.app */,
				F0E2CB0B1F4A386900A73FF5 /* GameBoyTests.xctest */,
			);
			name = Products;
			sourceTree = "<group>";
		};
		F0E2CAFB1F4A386900A73FF5 /* GameBoy */ = {
			isa = PBXGroup;
			children = (
				F032901D1F4A55BE007AEB5C /* Interface */,
				F032901E1F4A55E1007AEB5C /* Emulator */,
				F0E2CB001F4A386900A73FF5 /* Assets.xcassets */,
				F0E2CB051F4A386900A73FF5 /* Info.plist */,
				F0E2CB061F4A386900A73FF5 /* GameBoy.entitlements */,
			);
			path = GameBoy;
			sourceTree = "<group>";
		};
		F0E2CB0E1F4A386900A73FF5 /* GameBoyTests */ = {
			isa = PBXGroup;
			children = (
				F0328F8E1F4A423D007AEB5C /* TestROMs */,
				F0328F9B1F4A423D007AEB5C /* CPUInstructionTests.swift */,
				F0328F9C1F4A423D007AEB5C /* TestROMSerialDevice.swift */,
				F0E2CB111F4A386900A73FF5 /* Info.plist */,
			);
			path = GameBoyTests;
			sourceTree = "<group>";
		};
/* End PBXGroup section */

/* Begin PBXNativeTarget section */
		F0E2CAF81F4A386900A73FF5 /* GameBoy */ = {
			isa = PBXNativeTarget;
			buildConfigurationList = F0E2CB141F4A386900A73FF5 /* Build configuration list for PBXNativeTarget "GameBoy" */;
			buildPhases = (
				F0E2CAF51F4A386900A73FF5 /* Sources */,
				F0E2CAF61F4A386900A73FF5 /* Frameworks */,
				F0E2CAF71F4A386900A73FF5 /* Resources */,
			);
			buildRules = (
			);
			dependencies = (
			);
			name = GameBoy;
			productName = GameBoy;
			productReference = F0E2CAF91F4A386900A73FF5 /* GameBoy.app */;
			productType = "com.apple.product-type.application";
		};
		F0E2CB0A1F4A386900A73FF5 /* GameBoyTests */ = {
			isa = PBXNativeTarget;
			buildConfigurationList = F0E2CB171F4A386900A73FF5 /* Build configuration list for PBXNativeTarget "GameBoyTests" */;
			buildPhases = (
				F0E2CB071F4A386900A73FF5 /* Sources */,
				F0E2CB081F4A386900A73FF5 /* Frameworks */,
				F0E2CB091F4A386900A73FF5 /* Resources */,
			);
			buildRules = (
			);
			dependencies = (
				F0E2CB0D1F4A386900A73FF5 /* PBXTargetDependency */,
			);
			name = GameBoyTests;
			productName = GameBoyTests;
			productReference = F0E2CB0B1F4A386900A73FF5 /* GameBoyTests.xctest */;
			productType = "com.apple.product-type.bundle.unit-test";
		};
/* End PBXNativeTarget section */

/* Begin PBXProject section */
		F0E2CAF11F4A386900A73FF5 /* Project object */ = {
			isa = PBXProject;
			attributes = {
				LastSwiftUpdateCheck = 0900;
				LastUpgradeCheck = 0900;
				ORGANIZATIONNAME = "Cole van Krieken";
				TargetAttributes = {
					F0E2CAF81F4A386900A73FF5 = {
						CreatedOnToolsVersion = 9.0;
						LastSwiftMigration = 1020;
					};
					F0E2CB0A1F4A386900A73FF5 = {
						CreatedOnToolsVersion = 9.0;
						LastSwiftMigration = 1020;
					};
				};
			};
			buildConfigurationList = F0E2CAF41F4A386900A73FF5 /* Build configuration list for PBXProject "GameBoy" */;
			compatibilityVersion = "Xcode 8.0";
			developmentRegion = en;
			hasScannedForEncodings = 0;
			knownRegions = (
				en,
				Base,
			);
			mainGroup = F0E2CAF01F4A386900A73FF5;
			productRefGroup = F0E2CAFA1F4A386900A73FF5 /* Products */;
			projectDirPath = "";
			projectRoot = "";
			targets = (
				F0E2CAF81F4A386900A73FF5 /* GameBoy */,
				F0E2CB0A1F4A386900A73FF5 /* GameBoyTests */,
			);
		};
/* End PBXProject section */

/* Begin PBXResourcesBuildPhase section */
		F0E2CAF71F4A386900A73FF5 /* Resources */ = {
			isa = PBXResourcesBuildPhase;
			buildActionMask = 2147483647;
			files = (
				F0E2CB011F4A386900A73FF5 /* Assets.xcassets in Resources */,
				F03290201F4A56A8007AEB5C /* Main.storyboard in Resources */,
			);
			runOnlyForDeploymentPostprocessing = 0;
		};
		F0E2CB091F4A386900A73FF5 /* Resources */ = {
			isa = PBXResourcesBuildPhase;
			buildActionMask = 2147483647;
			files = (
				F0328F9F1F4A42B2007AEB5C /* 01-special.gb in Resources */,
				F0328FA01F4A42B2007AEB5C /* 02-interrupts.gb in Resources */,
				F0328FA11F4A42B2007AEB5C /* 03-op sp,hl.gb in Resources */,
				F0328FA21F4A42B2007AEB5C /* 04-op r,imm.gb in Resources */,
				F0328FA31F4A42B2007AEB5C /* 05-op rp.gb in Resources */,
				F0328FA41F4A42B2007AEB5C /* 06-ld r,r.gb in Resources */,
				F0328FA51F4A42B2007AEB5C /* 07-jr,jp,call,ret,rst.gb in Resources */,
				F0328FA61F4A42B2007AEB5C /* 08-misc instrs.gb in Resources */,
				F0328FA71F4A42B2007AEB5C /* 09-op r,r.gb in Resources */,
				F0328FA81F4A42B2007AEB5C /* 10-bit ops.gb in Resources */,
				F0328FA91F4A42B2007AEB5C /* 11-op a,(hl).gb in Resources */,
				F0328FAA1F4A42B2007AEB5C /* instr_timing.gb in Resources */,
			);
			runOnlyForDeploymentPostprocessing = 0;
		};
/* End PBXResourcesBuildPhase section */

/* Begin PBXSourcesBuildPhase section */
		F0E2CAF51F4A386900A73FF5 /* Sources */ = {
			isa = PBXSourcesBuildPhase;
			buildActionMask = 2147483647;
			files = (
				F03290061F4A54A7007AEB5C /* NoMBC.swift in Sources */,
				F032900B1F4A54A7007AEB5C /* WindowController.swift in Sources */,
				F0328FF91F4A54A7007AEB5C /* AlignedArray.swift in Sources */,
				F03290021F4A54A7007AEB5C /* MBC1.swift in Sources */,
				F03290031F4A54A7007AEB5C /* MBC3.swift in Sources */,
				F0328FFB1F4A54A7007AEB5C /* CPUDebugging.swift in Sources */,
				F0328FFE1F4A54A7007AEB5C /* GPU.swift in Sources */,
				F03290091F4A54A7007AEB5C /* Shaders.metal in Sources */,
				F03290071F4A54A7007AEB5C /* Ops.swift in Sources */,
				F032900A1F4A54A7007AEB5C /* Timer.swift in Sources */,
				F03290081F4A54A7007AEB5C /* SerialDevice.swift in Sources */,
				F03290041F4A54A7007AEB5C /* MemoryBankController.swift in Sources */,
				F03290001F4A54A7007AEB5C /* Joypad.swift in Sources */,
				F0328FFC1F4A54A7007AEB5C /* GameBoyRunner.swift in Sources */,
				F0328FFF1F4A54A7007AEB5C /* InterruptHandler.swift in Sources */,
				F03290051F4A54A7007AEB5C /* NoCartridgeMBC.swift in Sources */,
				F0328F7F1F4A392D007AEB5C /* AppDelegate.swift in Sources */,
				F0328FFD1F4A54A7007AEB5C /* GameViewController.swift in Sources */,
				F03290011F4A54A7007AEB5C /* Memory.swift in Sources */,
				F0328FFA1F4A54A7007AEB5C /* CPU.swift in Sources */,
			);
			runOnlyForDeploymentPostprocessing = 0;
		};
		F0E2CB071F4A386900A73FF5 /* Sources */ = {
			isa = PBXSourcesBuildPhase;
			buildActionMask = 2147483647;
			files = (
				F03290181F4A54BE007AEB5C /* NoMBC.swift in Sources */,
				F032900F1F4A54BE007AEB5C /* GameBoyRunner.swift in Sources */,
				F03290141F4A54BE007AEB5C /* MBC1.swift in Sources */,
				F03290151F4A54BE007AEB5C /* MBC3.swift in Sources */,
				F032900E1F4A54BE007AEB5C /* CPUDebugging.swift in Sources */,
				F03290101F4A54BE007AEB5C /* GPU.swift in Sources */,
				F03290191F4A54BE007AEB5C /* Ops.swift in Sources */,
				F032901A1F4A54BE007AEB5C /* SerialDevice.swift in Sources */,
				F03290161F4A54BE007AEB5C /* MemoryBankController.swift in Sources */,
				F03290121F4A54BE007AEB5C /* Joypad.swift in Sources */,
				F032900D1F4A54BE007AEB5C /* CPU.swift in Sources */,
				F03290111F4A54BE007AEB5C /* InterruptHandler.swift in Sources */,
				F03290171F4A54BE007AEB5C /* NoCartridgeMBC.swift in Sources */,
				F032900C1F4A54BE007AEB5C /* AlignedArray.swift in Sources */,
				F0328F9E1F4A4266007AEB5C /* TestROMSerialDevice.swift in Sources */,
				F032901B1F4A54BE007AEB5C /* Timer.swift in Sources */,
				F03290131F4A54BE007AEB5C /* Memory.swift in Sources */,
				F0328F9D1F4A4252007AEB5C /* CPUInstructionTests.swift in Sources */,
			);
			runOnlyForDeploymentPostprocessing = 0;
		};
/* End PBXSourcesBuildPhase section */

/* Begin PBXTargetDependency section */
		F0E2CB0D1F4A386900A73FF5 /* PBXTargetDependency */ = {
			isa = PBXTargetDependency;
			target = F0E2CAF81F4A386900A73FF5 /* GameBoy */;
			targetProxy = F0E2CB0C1F4A386900A73FF5 /* PBXContainerItemProxy */;
		};
/* End PBXTargetDependency section */

/* Begin XCBuildConfiguration section */
		F0E2CB121F4A386900A73FF5 /* Debug */ = {
			isa = XCBuildConfiguration;
			buildSettings = {
				ALWAYS_SEARCH_USER_PATHS = NO;
				CLANG_ANALYZER_NONNULL = YES;
				CLANG_ANALYZER_NUMBER_OBJECT_CONVERSION = YES_AGGRESSIVE;
				CLANG_CXX_LANGUAGE_STANDARD = "gnu++14";
				CLANG_CXX_LIBRARY = "libc++";
				CLANG_ENABLE_MODULES = YES;
				CLANG_ENABLE_OBJC_ARC = YES;
				CLANG_WARN_BLOCK_CAPTURE_AUTORELEASING = YES;
				CLANG_WARN_BOOL_CONVERSION = YES;
				CLANG_WARN_COMMA = YES;
				CLANG_WARN_CONSTANT_CONVERSION = YES;
				CLANG_WARN_DIRECT_OBJC_ISA_USAGE = YES_ERROR;
				CLANG_WARN_DOCUMENTATION_COMMENTS = YES;
				CLANG_WARN_EMPTY_BODY = YES;
				CLANG_WARN_ENUM_CONVERSION = YES;
				CLANG_WARN_INFINITE_RECURSION = YES;
				CLANG_WARN_INT_CONVERSION = YES;
				CLANG_WARN_NON_LITERAL_NULL_CONVERSION = YES;
				CLANG_WARN_OBJC_LITERAL_CONVERSION = YES;
				CLANG_WARN_OBJC_ROOT_CLASS = YES_ERROR;
				CLANG_WARN_RANGE_LOOP_ANALYSIS = YES;
				CLANG_WARN_STRICT_PROTOTYPES = YES;
				CLANG_WARN_SUSPICIOUS_MOVE = YES;
				CLANG_WARN_UNGUARDED_AVAILABILITY = YES_AGGRESSIVE;
				CLANG_WARN_UNREACHABLE_CODE = YES;
				CLANG_WARN__DUPLICATE_METHOD_MATCH = YES;
				CODE_SIGN_IDENTITY = "-";
				COPY_PHASE_STRIP = NO;
				DEBUG_INFORMATION_FORMAT = dwarf;
				ENABLE_STRICT_OBJC_MSGSEND = YES;
				ENABLE_TESTABILITY = YES;
				GCC_C_LANGUAGE_STANDARD = gnu11;
				GCC_DYNAMIC_NO_PIC = NO;
				GCC_NO_COMMON_BLOCKS = YES;
				GCC_OPTIMIZATION_LEVEL = 0;
				GCC_PREPROCESSOR_DEFINITIONS = (
					"DEBUG=1",
					"$(inherited)",
				);
				GCC_WARN_64_TO_32_BIT_CONVERSION = YES;
				GCC_WARN_ABOUT_RETURN_TYPE = YES_ERROR;
				GCC_WARN_UNDECLARED_SELECTOR = YES;
				GCC_WARN_UNINITIALIZED_AUTOS = YES_AGGRESSIVE;
				GCC_WARN_UNUSED_FUNCTION = YES;
				GCC_WARN_UNUSED_VARIABLE = YES;
				MACOSX_DEPLOYMENT_TARGET = 10.12;
				MTL_ENABLE_DEBUG_INFO = YES;
				ONLY_ACTIVE_ARCH = YES;
				SDKROOT = macosx;
				SWIFT_ACTIVE_COMPILATION_CONDITIONS = DEBUG;
				SWIFT_OPTIMIZATION_LEVEL = "-Onone";
			};
			name = Debug;
		};
		F0E2CB131F4A386900A73FF5 /* Release */ = {
			isa = XCBuildConfiguration;
			buildSettings = {
				ALWAYS_SEARCH_USER_PATHS = NO;
				CLANG_ANALYZER_NONNULL = YES;
				CLANG_ANALYZER_NUMBER_OBJECT_CONVERSION = YES_AGGRESSIVE;
				CLANG_CXX_LANGUAGE_STANDARD = "gnu++14";
				CLANG_CXX_LIBRARY = "libc++";
				CLANG_ENABLE_MODULES = YES;
				CLANG_ENABLE_OBJC_ARC = YES;
				CLANG_WARN_BLOCK_CAPTURE_AUTORELEASING = YES;
				CLANG_WARN_BOOL_CONVERSION = YES;
				CLANG_WARN_COMMA = YES;
				CLANG_WARN_CONSTANT_CONVERSION = YES;
				CLANG_WARN_DIRECT_OBJC_ISA_USAGE = YES_ERROR;
				CLANG_WARN_DOCUMENTATION_COMMENTS = YES;
				CLANG_WARN_EMPTY_BODY = YES;
				CLANG_WARN_ENUM_CONVERSION = YES;
				CLANG_WARN_INFINITE_RECURSION = YES;
				CLANG_WARN_INT_CONVERSION = YES;
				CLANG_WARN_NON_LITERAL_NULL_CONVERSION = YES;
				CLANG_WARN_OBJC_LITERAL_CONVERSION = YES;
				CLANG_WARN_OBJC_ROOT_CLASS = YES_ERROR;
				CLANG_WARN_RANGE_LOOP_ANALYSIS = YES;
				CLANG_WARN_STRICT_PROTOTYPES = YES;
				CLANG_WARN_SUSPICIOUS_MOVE = YES;
				CLANG_WARN_UNGUARDED_AVAILABILITY = YES_AGGRESSIVE;
				CLANG_WARN_UNREACHABLE_CODE = YES;
				CLANG_WARN__DUPLICATE_METHOD_MATCH = YES;
				CODE_SIGN_IDENTITY = "-";
				COPY_PHASE_STRIP = NO;
				DEBUG_INFORMATION_FORMAT = "dwarf-with-dsym";
				ENABLE_NS_ASSERTIONS = NO;
				ENABLE_STRICT_OBJC_MSGSEND = YES;
				GCC_C_LANGUAGE_STANDARD = gnu11;
				GCC_NO_COMMON_BLOCKS = YES;
				GCC_WARN_64_TO_32_BIT_CONVERSION = YES;
				GCC_WARN_ABOUT_RETURN_TYPE = YES_ERROR;
				GCC_WARN_UNDECLARED_SELECTOR = YES;
				GCC_WARN_UNINITIALIZED_AUTOS = YES_AGGRESSIVE;
				GCC_WARN_UNUSED_FUNCTION = YES;
				GCC_WARN_UNUSED_VARIABLE = YES;
				MACOSX_DEPLOYMENT_TARGET = 10.12;
				MTL_ENABLE_DEBUG_INFO = NO;
				SDKROOT = macosx;
				SWIFT_OPTIMIZATION_LEVEL = "-Owholemodule";
			};
			name = Release;
		};
		F0E2CB151F4A386900A73FF5 /* Debug */ = {
			isa = XCBuildConfiguration;
			buildSettings = {
				ASSETCATALOG_COMPILER_APPICON_NAME = AppIcon;
				CODE_SIGN_ENTITLEMENTS = GameBoy/GameBoy.entitlements;
				COMBINE_HIDPI_IMAGES = YES;
				INFOPLIST_FILE = GameBoy/Info.plist;
				LD_RUNPATH_SEARCH_PATHS = "$(inherited) @executable_path/../Frameworks";
				PRODUCT_BUNDLE_IDENTIFIER = com.colevankrieken.GameBoy;
				PRODUCT_NAME = "$(TARGET_NAME)";
				SWIFT_VERSION = 5.0;
			};
			name = Debug;
		};
		F0E2CB161F4A386900A73FF5 /* Release */ = {
			isa = XCBuildConfiguration;
			buildSettings = {
				ASSETCATALOG_COMPILER_APPICON_NAME = AppIcon;
				CODE_SIGN_ENTITLEMENTS = GameBoy/GameBoy.entitlements;
				COMBINE_HIDPI_IMAGES = YES;
				INFOPLIST_FILE = GameBoy/Info.plist;
				LD_RUNPATH_SEARCH_PATHS = "$(inherited) @executable_path/../Frameworks";
				PRODUCT_BUNDLE_IDENTIFIER = com.colevankrieken.GameBoy;
				PRODUCT_NAME = "$(TARGET_NAME)";
				SWIFT_VERSION = 5.0;
			};
			name = Release;
		};
		F0E2CB181F4A386900A73FF5 /* Debug */ = {
			isa = XCBuildConfiguration;
			buildSettings = {
				ALWAYS_EMBED_SWIFT_STANDARD_LIBRARIES = YES;
				COMBINE_HIDPI_IMAGES = YES;
				INFOPLIST_FILE = GameBoyTests/Info.plist;
				LD_RUNPATH_SEARCH_PATHS = "$(inherited) @executable_path/../Frameworks @loader_path/../Frameworks";
				PRODUCT_BUNDLE_IDENTIFIER = com.colevankrieken.GameBoyTests;
				PRODUCT_NAME = "$(TARGET_NAME)";
				SWIFT_VERSION = 5.0;
			};
			name = Debug;
		};
		F0E2CB191F4A386900A73FF5 /* Release */ = {
			isa = XCBuildConfiguration;
			buildSettings = {
				ALWAYS_EMBED_SWIFT_STANDARD_LIBRARIES = YES;
				COMBINE_HIDPI_IMAGES = YES;
				INFOPLIST_FILE = GameBoyTests/Info.plist;
				LD_RUNPATH_SEARCH_PATHS = "$(inherited) @executable_path/../Frameworks @loader_path/../Frameworks";
				PRODUCT_BUNDLE_IDENTIFIER = com.colevankrieken.GameBoyTests;
				PRODUCT_NAME = "$(TARGET_NAME)";
				SWIFT_VERSION = 5.0;
			};
			name = Release;
		};
/* End XCBuildConfiguration section */

/* Begin XCConfigurationList section */
		F0E2CAF41F4A386900A73FF5 /* Build configuration list for PBXProject "GameBoy" */ = {
			isa = XCConfigurationList;
			buildConfigurations = (
				F0E2CB121F4A386900A73FF5 /* Debug */,
				F0E2CB131F4A386900A73FF5 /* Release */,
			);
			defaultConfigurationIsVisible = 0;
			defaultConfigurationName = Release;
		};
		F0E2CB141F4A386900A73FF5 /* Build configuration list for PBXNativeTarget "GameBoy" */ = {
			isa = XCConfigurationList;
			buildConfigurations = (
				F0E2CB151F4A386900A73FF5 /* Debug */,
				F0E2CB161F4A386900A73FF5 /* Release */,
			);
			defaultConfigurationIsVisible = 0;
			defaultConfigurationName = Release;
		};
		F0E2CB171F4A386900A73FF5 /* Build configuration list for PBXNativeTarget "GameBoyTests" */ = {
			isa = XCConfigurationList;
			buildConfigurations = (
				F0E2CB181F4A386900A73FF5 /* Debug */,
				F0E2CB191F4A386900A73FF5 /* Release */,
			);
			defaultConfigurationIsVisible = 0;
			defaultConfigurationName = Release;
		};
/* End XCConfigurationList section */
	};
	rootObject = F0E2CAF11F4A386900A73FF5 /* Project object */;
}
